{
  "requires": true,
  "lockfileVersion": 1,
  "dependencies": {
    "prettier-plugin-go-template": {
      "version": "0.0.10",
      "resolved": "https://registry.npmjs.org/prettier-plugin-go-template/-/prettier-plugin-go-template-0.0.10.tgz",
      "integrity": "sha512-TaHPqiMK/zfk+YhvKRf/1WZDgQ6ffnlxJZX5rwphqfxBOVEezZQtYistTB348MKrKnnwKpyXZWpMRo0/KCVB+A==",
      "dev": true
    }
  }
}
